{
  "version": "3",
  "redirects": {
    "https://deno.land/std/uuid/mod.ts": "https://deno.land/std@0.224.0/uuid/mod.ts",
    "https://deno.land/x/jmespath/index.ts": "https://deno.land/x/jmespath@v0.2.2/index.ts",
    "https://denopkg.com/nekobato/deno-xml-parser/index.ts": "https://denopkg.com/nekobato/deno-xml-parser@master/index.ts"
  },
  "remote": {
    "https://deno.land/std@0.224.0/assert/assert.ts": "09d30564c09de846855b7b071e62b5974b001bb72a4b797958fe0660e7849834",
    "https://deno.land/std@0.224.0/assert/assertion_error.ts": "ba8752bd27ebc51f723702fac2f54d3e94447598f54264a6653d6413738a8917",
    "https://deno.land/std@0.224.0/bytes/concat.ts": "86161274b5546a02bdb3154652418efe7af8c9310e8d54107a68aaa148e0f5ed",
    "https://deno.land/std@0.224.0/crypto/_wasm/lib/deno_std_wasm_crypto.generated.mjs": "7cd490ae1553c97459bd02de4c3f0a552768a85621949b2366003f3cf84b99d7",
    "https://deno.land/std@0.224.0/crypto/_wasm/mod.ts": "e89fbbc3c4722602ff975dd85f18273c7741ec766a9b68f6de4fd1d9876409f8",
    "https://deno.land/std@0.224.0/crypto/crypto.ts": "e58d78f3db111a499261dbab037ec78cc89da0516a50e1f0205665980a3417e3",
    "https://deno.land/std@0.224.0/uuid/_common.ts": "05c787c5735776c4e48e30294878332c39cb7738f50b209df4eb9f2b0facce4d",
    "https://deno.land/std@0.224.0/uuid/constants.ts": "eb6c96871e968adf3355507d7ae79adce71525fd6c1ca55c51d32ace0196d64e",
    "https://deno.land/std@0.224.0/uuid/mod.ts": "cefc8e2f77d9e493739c8dc4ec141b12b855414bf757e778bf9b00f783506b76",
    "https://deno.land/std@0.224.0/uuid/v1.ts": "cc45e7eb1d463d7d38b21a3c6e4de55ff98598ca442309321575fe841b323a54",
    "https://deno.land/std@0.224.0/uuid/v3.ts": "689f2d64a9460a75877a2eed94662d9cb31bedb890d72fce0d161ef47d66cc26",
    "https://deno.land/std@0.224.0/uuid/v4.ts": "1319a2eeff7259adda416ec5f7997ded80d3165ef0787012793fc8621c18c493",
    "https://deno.land/std@0.224.0/uuid/v5.ts": "75f76d9e53583572fe3d4893168530986222d439b1545b56d4493c6d5d1cd81d",
    "https://deno.land/std@0.92.0/_util/assert.ts": "2f868145a042a11d5ad0a3c748dcf580add8a0dbc0e876eaa0026303a5488f58",
    "https://deno.land/std@0.92.0/_util/os.ts": "e282950a0eaa96760c0cf11e7463e66babd15ec9157d4c9ed49cc0925686f6a7",
    "https://deno.land/std@0.92.0/async/deferred.ts": "624bef4b755b71394620508a0c234a93cb8020cbd1b04bfcdad41c174392cef6",
    "https://deno.land/std@0.92.0/async/delay.ts": "9de1d8d07d1927767ab7f82434b883f3d8294fb19cad819691a2ad81a728cf3d",
    "https://deno.land/std@0.92.0/async/mod.ts": "253b41c658d768613eacfb11caa0a9ca7148442f932018a45576f7f27554c853",
    "https://deno.land/std@0.92.0/async/mux_async_iterator.ts": "b9091909db04cdb0af6f7807677372f64c1488de6c4bd86004511b064bf230d6",
    "https://deno.land/std@0.92.0/async/pool.ts": "876f9e6815366cd017a3b4fbb9e9ae40310b1b6972f1bd541c94358bc11fb7e5",
    "https://deno.land/std@0.92.0/bytes/mod.ts": "1ae1ccfe98c4b979f12b015982c7444f81fcb921bea7aa215bf37d84f46e1e13",
    "https://deno.land/std@0.92.0/flags/mod.ts": "0994240ad009980e46bc3bb1314e9469c7241617e4345b27afc82097fdbef841",
    "https://deno.land/std@0.92.0/fmt/colors.ts": "db22b314a2ae9430ae7460ce005e0a7130e23ae1c999157e3bb77cf55800f7e4",
    "https://deno.land/std@0.92.0/http/_io.ts": "bf1331dd3be8aace9120614c1fedc2bb2449edc4779e31b74c0181ea9173f702",
    "https://deno.land/std@0.92.0/http/http_status.ts": "ebaa9bebfb8adc3d7b20c49e11037e4eefd79629ad80d81383933f4cdc91b3eb",
    "https://deno.land/std@0.92.0/http/server.ts": "d4e17c2aa5a5c65a2d19b9f24483be5f6c2a3e03665996fdf973e53c43091b48",
    "https://deno.land/std@0.92.0/io/buffer.ts": "2a92f02c1d8daaebaf13e5678ea5969c89f4fab533f687b9e7e86f49f11c3118",
    "https://deno.land/std@0.92.0/io/bufio.ts": "4053ea5d978479be68ae4d73424045a59c6b7a6e8f66727e4bfde516baa07126",
    "https://deno.land/std@0.92.0/io/util.ts": "03ca10e063afce551c501505c607ec336a40b9cb72363f5508e2a9ac81096bbf",
    "https://deno.land/std@0.92.0/path/_constants.ts": "1247fee4a79b70c89f23499691ef169b41b6ccf01887a0abd131009c5581b853",
    "https://deno.land/std@0.92.0/path/_interface.ts": "1fa73b02aaa24867e481a48492b44f2598cd9dfa513c7b34001437007d3642e4",
    "https://deno.land/std@0.92.0/path/_util.ts": "2e06a3b9e79beaf62687196bd4b60a4c391d862cfa007a20fc3a39f778ba073b",
    "https://deno.land/std@0.92.0/path/common.ts": "eaf03d08b569e8a87e674e4e265e099f237472b6fd135b3cbeae5827035ea14a",
    "https://deno.land/std@0.92.0/path/glob.ts": "4a524c1c9da3e79a9fdabdc6e850cd9e41bdf31e442856ffa19c5b123268ca95",
    "https://deno.land/std@0.92.0/path/mod.ts": "4465dc494f271b02569edbb4a18d727063b5dbd6ed84283ff906260970a15d12",
    "https://deno.land/std@0.92.0/path/posix.ts": "f56c3c99feb47f30a40ce9d252ef6f00296fa7c0fcb6dd81211bdb3b8b99ca3b",
    "https://deno.land/std@0.92.0/path/separator.ts": "8fdcf289b1b76fd726a508f57d3370ca029ae6976fcde5044007f062e643ff1c",
    "https://deno.land/std@0.92.0/path/win32.ts": "77f7b3604e0de40f3a7c698e8a79e7f601dc187035a1c21cb1e596666ce112f8",
    "https://deno.land/std@0.92.0/testing/_diff.ts": "961eaf6d9f5b0a8556c9d835bbc6fa74f5addd7d3b02728ba7936ff93364f7a3",
    "https://deno.land/std@0.92.0/testing/asserts.ts": "83889f9a37bdab16cb68b023a15f9172ceb644f62c0e727c72d4870a666e53d6",
    "https://deno.land/std@0.92.0/textproto/mod.ts": "1c89b39a079dd158893ab2e9ff79391c66049433d6ca82da7d64b32280570d51",
    "https://deno.land/std@v0.55.0/encoding/utf8.ts": "8654fa820aa69a37ec5eb11908e20b39d056c9bf1c23ab294303ff467f3d50a1",
    "https://deno.land/x/exec@0.0.5/mod.ts": "2a71f7e23e25be883275b22d872bbd2c3dfa3058934f1f156c8663fb81f5894f",
    "https://deno.land/x/get_stdin@v1.1.0/mod.ts": "c5a01c443eea377aef410638a176a31641caed4ae6ad315136dc794000155c27",
    "https://deno.land/x/jmespath@v0.2.2/Lexer.ts": "4b99f6b34b92fad32dd43e436c5d2f70e1156d42a2b747a95b2d752196d9ab1b",
    "https://deno.land/x/jmespath@v0.2.2/Parser.ts": "63d63c3faede516fdfbeed9e696caa694f835947fc264252506b5fe9db39deea",
    "https://deno.land/x/jmespath@v0.2.2/Runtime.ts": "8281cbff7922a795125525bb3ce7f48406ef67d2de9b33e81f5c2a22791def32",
    "https://deno.land/x/jmespath@v0.2.2/TreeInterpreter.ts": "ead002e5d78ab248c7c305e564538bc4dd70cc94417398c638f2e2fab5a9e700",
    "https://deno.land/x/jmespath@v0.2.2/index.ts": "465015b79aa345287758ba6596301960a9a7e99f6499256be958c3f368ae7c9d",
    "https://deno.land/x/jmespath@v0.2.2/utils/index.ts": "975cc174afcfa7b0f38099597a00ba3579b05bbd0d0961aedab5b15c5707ce66",
    "https://deno.land/x/lodash@4.17.15-es/_Hash.js": "7221393e8931adc88430d3badefee1568ffccf91a6efcd9dda2be498f4a09551",
    "https://deno.land/x/lodash@4.17.15-es/_ListCache.js": "a8c13a041707d9c96eff21d95a78326b6e2af12b067527bcba22108ce15b600c",
    "https://deno.land/x/lodash@4.17.15-es/_Map.js": "014aa839395eedfb215d1a994754db6716ba8c65ff3945b986270a4743b269bb",
    "https://deno.land/x/lodash@4.17.15-es/_MapCache.js": "fd27ffa20196943af9cbb4694555582d3045fff54b6f808269e4d3a645c3d886",
    "https://deno.land/x/lodash@4.17.15-es/_Stack.js": "391b608ace36e0845f917ab7a5bbaab07930f9ad8b570849857ed564a0ec3a76",
    "https://deno.land/x/lodash@4.17.15-es/_Symbol.js": "631160c3c0cbd05ec8a3d1934ded4a312504a29f04a00be2b29372d00dd6bc6d",
    "https://deno.land/x/lodash@4.17.15-es/_Uint8Array.js": "0181e8a163773e63ca1c366a134df3306c5fec28f487beb326b6bb92113d619d",
    "https://deno.land/x/lodash@4.17.15-es/_apply.js": "b2e6d04f093a956feef2d826cba78dab35ea1e87e8fdf7f905120adbc0bd134e",
    "https://deno.land/x/lodash@4.17.15-es/_arrayFilter.js": "46a23fd1969903486b620f5de048c9347f24863f13416db0a632de56cc78b479",
    "https://deno.land/x/lodash@4.17.15-es/_arrayLikeKeys.js": "c441c2b158f992a5dd14bae0b35d20c3ec25a8a5b6cd439e1be0b1764e831612",
    "https://deno.land/x/lodash@4.17.15-es/_arrayMap.js": "ae3521733bd602f0f0443562ca13d3d1c8f42e130d4d4b0deacd931b68b0c60b",
    "https://deno.land/x/lodash@4.17.15-es/_arrayReduce.js": "b7fcb5405eac2c287eb90230995a5ba9e13e36933af3ad40dc84a29c364fbb7e",
    "https://deno.land/x/lodash@4.17.15-es/_asciiToArray.js": "31d8d3eea65375a5b9e280e0a23ef2a4f9eff022119d5b7ed338b925ebd58780",
    "https://deno.land/x/lodash@4.17.15-es/_asciiWords.js": "598a889963843093438d7453d71e09f759c9fefe1a731bbf87ecadc569272a9a",
    "https://deno.land/x/lodash@4.17.15-es/_assignMergeValue.js": "9018dc11f6fe776f0d6ffa27ec31107552bb1f0ac4f7424db1e1011532bc2c14",
    "https://deno.land/x/lodash@4.17.15-es/_assignValue.js": "30c56330342d8af0405b9a113f73232fb6fc748a4177787d2b61d1a894cefdf9",
    "https://deno.land/x/lodash@4.17.15-es/_assocIndexOf.js": "b34ff3bbc5cf630e9ea1103eacd7bfcc208347a6b616398e515c7aee821bf8a4",
    "https://deno.land/x/lodash@4.17.15-es/_baseAssignValue.js": "fc102066006ab1aa06bf1ed8329c64804b8c61c616840f0739031aafc009fb91",
    "https://deno.land/x/lodash@4.17.15-es/_baseCreate.js": "d2298952b6832fe420556a324428d247ae04540a564bf95d30f4e1bd7370a668",
    "https://deno.land/x/lodash@4.17.15-es/_baseFor.js": "171c18eca21431b2067189679bcfb5087463a64c071087b9511e9fcc67acadff",
    "https://deno.land/x/lodash@4.17.15-es/_baseGetTag.js": "3a9eebe37ba231eff0380b5f76ac5b5fcee4590665642fd052d77aa51c7d063f",
    "https://deno.land/x/lodash@4.17.15-es/_baseIsArguments.js": "8cc4e523affa6237c8177cd7cb038ede5e6778deaf3fa9c052f3e416840e0334",
    "https://deno.land/x/lodash@4.17.15-es/_baseIsNative.js": "1557c70dbb11eba112c6f5454e3cbaf7a714656da0db17e0dfe83441a70e31b1",
    "https://deno.land/x/lodash@4.17.15-es/_baseIsTypedArray.js": "eb8a844c83bf159a41222acde165ab3f4a9983be77297496550164d10633b076",
    "https://deno.land/x/lodash@4.17.15-es/_baseKeysIn.js": "c582f1f38230256bebba36251eccfbf082e7a395bf7b85aecc4496fd798dc83a",
    "https://deno.land/x/lodash@4.17.15-es/_baseMerge.js": "6d8fada634d2384897e591daaea777b08f0397f953cab3642a541ef9b57c3dac",
    "https://deno.land/x/lodash@4.17.15-es/_baseMergeDeep.js": "eec32b72db812c61e62ab0eed2cbc13cab9f75264aa6af9f5c8e7800cf50d3b1",
    "https://deno.land/x/lodash@4.17.15-es/_baseProperty.js": "7f3c9243eb26034d9e01553ba0e3dca6d949724355ad46f69e0e3328301277cc",
    "https://deno.land/x/lodash@4.17.15-es/_basePropertyOf.js": "a62950da12b7236a1524bc1191d43ed2edc6e93827f1b12e903d71f9f262e15b",
    "https://deno.land/x/lodash@4.17.15-es/_baseRest.js": "f796cefb2c34daf6ad295d2af58abc96ea34348676a23a88e11789bc45f844ea",
    "https://deno.land/x/lodash@4.17.15-es/_baseSetToString.js": "75d18e54921591874d3d54591087f458a423eed3d7042f237753fbca692d1d7f",
    "https://deno.land/x/lodash@4.17.15-es/_baseSlice.js": "01913d08224c395783d4be26f1be8db57a0c1f1c53a0e3b8fea60055726b7ced",
    "https://deno.land/x/lodash@4.17.15-es/_baseTimes.js": "0d71867db092ef76aed4436956c0cf26d0990eb5d19c88f74edbe8c7ae2dfc93",
    "https://deno.land/x/lodash@4.17.15-es/_baseToString.js": "dc45840c564e75b058f8492a207d84a80629facdc33d80c4f05018aacdad675b",
    "https://deno.land/x/lodash@4.17.15-es/_baseUnary.js": "25d6f22dcecef2d761e3059330425d1c585dfa81d50ba1dcd82d5524bfa78b53",
    "https://deno.land/x/lodash@4.17.15-es/_baseZipObject.js": "55df8ae46ca2d003681a296d1b2b0662e95c9f191f89fdc57af95b48e46b10c4",
    "https://deno.land/x/lodash@4.17.15-es/_castSlice.js": "20de417088b7fce8a3c36ed16dace11e4f3104ce25fb38ec5e94dae0974172fe",
    "https://deno.land/x/lodash@4.17.15-es/_cloneArrayBuffer.js": "04c06ac0667c7681872950fefa3d82af988cbb2f45e7ac94ad30a1a7fbca760e",
    "https://deno.land/x/lodash@4.17.15-es/_cloneBuffer.js": "879343bd3fe02c37cbd8691dfb7d2b3599a069bc646bc415d49b347b06e7f801",
    "https://deno.land/x/lodash@4.17.15-es/_cloneTypedArray.js": "40396608091618700dc31a89b5e3a70d8a77158134bbe85ca0a33f42061cf90f",
    "https://deno.land/x/lodash@4.17.15-es/_copyArray.js": "66e841eb36a87af2b6bd8d7a21651d2f6c65ee11186ba8c0cd8a5f7856aa626c",
    "https://deno.land/x/lodash@4.17.15-es/_copyObject.js": "f348153f6d3fb121b2c2afe79ae0484fa12e5732772720aa44e128badf42b63e",
    "https://deno.land/x/lodash@4.17.15-es/_coreJsData.js": "020778ed390efefeb8ea3cf88873e9e2818784b3e26fa001ec51fa81c71d0392",
    "https://deno.land/x/lodash@4.17.15-es/_createAssigner.js": "6c238f9cd9247a342da1557fd97d501928cf7ded1d5b1d8646fd279bcc68b921",
    "https://deno.land/x/lodash@4.17.15-es/_createBaseFor.js": "ce5bfd3ffa87788ae4edf6764fe3abc6cc75c18cddb71fb65d6de562fbebb511",
    "https://deno.land/x/lodash@4.17.15-es/_createCaseFirst.js": "26d8ee22d1f47b7028884569c6151b2adc88b71d50178e7fa5e2659d0af37aa3",
    "https://deno.land/x/lodash@4.17.15-es/_createCompounder.js": "f8257824694137bf865deaea983c8e746b6b10c11618dcea2ed3ff4318a43586",
    "https://deno.land/x/lodash@4.17.15-es/_deburrLetter.js": "acc04cf0abe0b871f287a1360daafd3c0201ad8aac7d618576142fc9a989e21a",
    "https://deno.land/x/lodash@4.17.15-es/_defineProperty.js": "08fe1a52a602829f143cf1a1dd4a133533b1a9cda8ef2071563dcb21750c7517",
    "https://deno.land/x/lodash@4.17.15-es/_freeGlobal.js": "0b65c37b3c1ce6d1800cb59a330dde73f1009f0d10eeaf8fd45f7607b87db4c5",
    "https://deno.land/x/lodash@4.17.15-es/_getMapData.js": "4ab0307467b45546bd3d8146d67f0e123f2049e6934722653803fe90b3484374",
    "https://deno.land/x/lodash@4.17.15-es/_getNative.js": "b93d64fd14cab48b0ad9b0f1b896ee8dcd74d8d5a20ca9cae6f34aa4a68ae9ef",
    "https://deno.land/x/lodash@4.17.15-es/_getPrototype.js": "0d28834baa350bc2ff483720439732052e2695a44b52cce790c99677fc733cf4",
    "https://deno.land/x/lodash@4.17.15-es/_getRawTag.js": "0023dec54160317b70d52df1d7918638bc16a2869b1bf355f0a4f3e755aa6faf",
    "https://deno.land/x/lodash@4.17.15-es/_getValue.js": "afff70502a4a536f971f961811013811c177e6f885d1e7e4e41c48c08ea6d6c7",
    "https://deno.land/x/lodash@4.17.15-es/_hasUnicode.js": "1b9ffe8c8b337c09709647874e132c23f98212791c936da6f0f3844c96112a92",
    "https://deno.land/x/lodash@4.17.15-es/_hasUnicodeWord.js": "fffc30c67e6bcde00590638d4bbbc3abe54f22adc9fba1639697014bbfa53aed",
    "https://deno.land/x/lodash@4.17.15-es/_hashClear.js": "54d4b21fbc05b32b246c4449e27a30628f9d8b6749c08ae965ff8c81af6dad67",
    "https://deno.land/x/lodash@4.17.15-es/_hashDelete.js": "eaf93621141b5c23d99a299c6f8620192faf0fcc71f4f00c01ce5de8f98bc92a",
    "https://deno.land/x/lodash@4.17.15-es/_hashGet.js": "5aa4530201b81f25dc5609240b855f11a8bdd85d92c6bfb8cb2566758bfeaac7",
    "https://deno.land/x/lodash@4.17.15-es/_hashHas.js": "92a91d1122b450660d889520e13f185829e296334b1cc708a7b0009a2c568b71",
    "https://deno.land/x/lodash@4.17.15-es/_hashSet.js": "6535755fba2510b74079e573dc12f8c4f750131793d658ace64cf128fd1e0db2",
    "https://deno.land/x/lodash@4.17.15-es/_initCloneObject.js": "18145c5222148da5ee58b43862e8790ac455f1752fa86e881306a335f403ea7f",
    "https://deno.land/x/lodash@4.17.15-es/_isIndex.js": "33b5bf1805dd076edfc1199e114995a62170f8d6c835e0035ec05099ae29fa97",
    "https://deno.land/x/lodash@4.17.15-es/_isIterateeCall.js": "b03e71d858a91acdfc4b5b1c00b283e9e27ffd03567a06f6e6ce3c666c7b2f75",
    "https://deno.land/x/lodash@4.17.15-es/_isKeyable.js": "207b697e802fc7f957d1275f7da727f59c6673e58ee2078fbc1af56f5f08c0de",
    "https://deno.land/x/lodash@4.17.15-es/_isMasked.js": "cc641b21108046e4ebe15220dae4f7ad463760596800ebf31d5e53df1b98f152",
    "https://deno.land/x/lodash@4.17.15-es/_isPrototype.js": "df65c802abe765ca4473d3dd632c0b3d13e9f2397dedd7cf9742f0157b2396ed",
    "https://deno.land/x/lodash@4.17.15-es/_listCacheClear.js": "e0e283b9176131c84766c243101a75d90566b4577e5c70cc6a38ad6266d805f6",
    "https://deno.land/x/lodash@4.17.15-es/_listCacheDelete.js": "4f60c332ff1ea93b47e744cfbeccb8cc65eed33e7bb302d6bad1fb596f70b186",
    "https://deno.land/x/lodash@4.17.15-es/_listCacheGet.js": "25d578131e42d496bf92590cc2daa636203fc0512eeab29e2add3ac569921e03",
    "https://deno.land/x/lodash@4.17.15-es/_listCacheHas.js": "c091833394e006cf700731a117a75310786726246843f225de698e94f1d1e798",
    "https://deno.land/x/lodash@4.17.15-es/_listCacheSet.js": "0696b9f99b4ed89c08725c8acc805b7cc493078ea0fb8d9153bfb920878fa029",
    "https://deno.land/x/lodash@4.17.15-es/_mapCacheClear.js": "0be01bc64f84e1252f501dbe68d2166eb97ac321bf6638415478ff24a26ac388",
    "https://deno.land/x/lodash@4.17.15-es/_mapCacheDelete.js": "a52b87a49edecdb1b47793b5bb26d41e4bf379c369a420949302e1b1562b5af7",
    "https://deno.land/x/lodash@4.17.15-es/_mapCacheGet.js": "bb71dbbe31d7fbd56016b622ea28b4c1ec570a8c910030dc927465737b458a4e",
    "https://deno.land/x/lodash@4.17.15-es/_mapCacheHas.js": "5b9c230d5e00aba2d482404cc8dbe327b23ad29325d13a0e49e93cfd0b1bf54d",
    "https://deno.land/x/lodash@4.17.15-es/_mapCacheSet.js": "43318a641896356f4b187bee7aad9be1147b766722108a7e7425d7e1ea322bfa",
    "https://deno.land/x/lodash@4.17.15-es/_nativeCreate.js": "59c4a564c25a021902259cb237cfa331daf056423d359258ac968c60f51aa324",
    "https://deno.land/x/lodash@4.17.15-es/_nativeKeysIn.js": "e63e54e1eaf58287382c811139a5a497512356c0c192f646e00abd0e94bf625b",
    "https://deno.land/x/lodash@4.17.15-es/_nodeUtil.js": "f81d8e969afead3562231a1c368fcf884b51339ee04aff07a2b67f8ba794f03b",
    "https://deno.land/x/lodash@4.17.15-es/_objectToString.js": "8f1bb6043dc27219e71dfae28900a7f214a0856118a628efeb120169fe46fe8c",
    "https://deno.land/x/lodash@4.17.15-es/_overArg.js": "599268d0a0a7da23b421ca0cfefbea1f295e44c33bab99fb87df38f4ef97bb9c",
    "https://deno.land/x/lodash@4.17.15-es/_overRest.js": "2680f289bb332cf28f3a6413929e2afb46886fb1b747e9f6d33aa50c29ba68db",
    "https://deno.land/x/lodash@4.17.15-es/_root.js": "df58ff96c454ca91ace20d20e6af49b354c70dfba7e737adc00cd23e8ff77168",
    "https://deno.land/x/lodash@4.17.15-es/_safeGet.js": "5f9023f036ae9eef9a0196bac43db899fce05712ab4594efe195827eba585111",
    "https://deno.land/x/lodash@4.17.15-es/_setToString.js": "2a1ef073af2370f4bf3258d41bcc62f06ae23a41ae13543e5105946b2b07b03b",
    "https://deno.land/x/lodash@4.17.15-es/_shortOut.js": "1b8768641ee4b76051240ec40b2bfe84e6f21682a71ce6f6f6972363f5b9c634",
    "https://deno.land/x/lodash@4.17.15-es/_stackClear.js": "2f18f696265ae6318deb51419e121ab543b4fd9ff240892e8e054d944db8020a",
    "https://deno.land/x/lodash@4.17.15-es/_stackDelete.js": "ae947fc8f29882a437db228bcdac90cd048f94bdd758e508b53987be2e28cdfe",
    "https://deno.land/x/lodash@4.17.15-es/_stackGet.js": "ae5633328aae57109e1ce84e70a587c2ba90503294f758ab8086d032ebb40897",
    "https://deno.land/x/lodash@4.17.15-es/_stackHas.js": "06066c99b9909bdc25bb702b579ca29a69ab478d9819506af29aa7e6476eddba",
    "https://deno.land/x/lodash@4.17.15-es/_stackSet.js": "4f96a1dfb190aae58f59bc26cd1a27fae1d10abc338e1f57a67e69d47b832cbe",
    "https://deno.land/x/lodash@4.17.15-es/_stringToArray.js": "7d8a6f7807f071c62b9fb5a4b057613e2c9a13d9cb6fdd7df5debc9bfecd0be9",
    "https://deno.land/x/lodash@4.17.15-es/_toSource.js": "a2333d6455d5a8802b8e8d64f0de422f04a4603cf477429d2baabb8021ec9032",
    "https://deno.land/x/lodash@4.17.15-es/_unicodeToArray.js": "806bbf241de7849459a492f859067be4d3379df49358812b41379a966aae7922",
    "https://deno.land/x/lodash@4.17.15-es/_unicodeWords.js": "f132197f36da541ee8e6d5f5de2bd938f3ccc4ff4cb4aabff444f21a12e64e9a",
    "https://deno.land/x/lodash@4.17.15-es/camelCase.js": "efa9687baf3a7807bc97d842b891ca6442138d1c5251ee823dddd392f7c6f596",
    "https://deno.land/x/lodash@4.17.15-es/capitalize.js": "2382093dd0efd7b2846f8a90376de31a2d736b396b2379ee7d51abe1de9363da",
    "https://deno.land/x/lodash@4.17.15-es/chunk.js": "5e6f0d19752929a6fef0afc9bfeddcc44686a9a405a8289d75bce67e6cd6d1a8",
    "https://deno.land/x/lodash@4.17.15-es/constant.js": "cce774605f469fe731a3aa932019b71df84fe6c47741b018a17e69c042f32ca3",
    "https://deno.land/x/lodash@4.17.15-es/deburr.js": "5af1d51fe36a96701dae2db9e5eee2bda272edb59b7e31da687d0dff5a2ca573",
    "https://deno.land/x/lodash@4.17.15-es/eq.js": "3a51729bde3af1d9bacf9b67e966d8c154e22b02f5e1cecc13f53f7f00889c13",
    "https://deno.land/x/lodash@4.17.15-es/fromPairs.js": "576133ee2d5c75536c262974e89d7b15f51423e52b62fba28f838ea0144d0222",
    "https://deno.land/x/lodash@4.17.15-es/identity.js": "152c43149691b31cb9bcdf1be4ba07a3963babbd096bcf6313182d3f2597f023",
    "https://deno.land/x/lodash@4.17.15-es/isArguments.js": "08791025dc5d7ec5183e290aa2aa6a9c4af78703f0d42d1b9421b607c3199fcc",
    "https://deno.land/x/lodash@4.17.15-es/isArray.js": "0d9bcdfdf53955d9253076ddd68e0b992b2c91fb8364baa2ca971e57cbb74e4b",
    "https://deno.land/x/lodash@4.17.15-es/isArrayLike.js": "46956ba526a01c3371fe26a492bf2a247b20d995e6891f2ac99a17b1ab64b49f",
    "https://deno.land/x/lodash@4.17.15-es/isArrayLikeObject.js": "76434e9c893ae3eaccb555792ea5754d42b5765efe5d360d78d2c4abda788ecb",
    "https://deno.land/x/lodash@4.17.15-es/isBuffer.js": "683ac01368bb0b51e7571332797cdec13cf5fa26a79ad20764045f01b1d249d2",
    "https://deno.land/x/lodash@4.17.15-es/isFunction.js": "4cf0f598213e142e5d9ad09f17d3611723a9e2e3def000a39edbf38b493b3b08",
    "https://deno.land/x/lodash@4.17.15-es/isLength.js": "ef8193123dc3fbd12be9893aa39aea7df0a779074e604d853c56da1c09d24e11",
    "https://deno.land/x/lodash@4.17.15-es/isObject.js": "fc44c8f265db1492ea04f777d9e2d8598b44d481f5eb38360cb58c1e45b8cbd9",
    "https://deno.land/x/lodash@4.17.15-es/isObjectLike.js": "e45d69136695e8568c6fb3c7327f96ac1a8ff7284b1b22f26fb4654255fd0c6c",
    "https://deno.land/x/lodash@4.17.15-es/isPlainObject.js": "f790a22fd205b03f11f95fe0657c9244ff48e45363633fa110c3c5688177b192",
    "https://deno.land/x/lodash@4.17.15-es/isSymbol.js": "f0dc1666c3cec2306cd4fd0f63a9a7ab1f25ed21d2db6664b1edc81bd3641a41",
    "https://deno.land/x/lodash@4.17.15-es/isTypedArray.js": "ea3531a60d17525b79f484377cd4053f32fec478822dd2b51ca63ade12520737",
    "https://deno.land/x/lodash@4.17.15-es/keysIn.js": "fba7db7b7420f0cc87b6636aa748e8c5f44e44cb5408fd33d1fa967b13f0039e",
    "https://deno.land/x/lodash@4.17.15-es/merge.js": "8004f9d4c737e69f5d871ff61e2966460c907036b7a514751d66f8f9b06572b1",
    "https://deno.land/x/lodash@4.17.15-es/snakeCase.js": "055d2713e0c99bcbb0bc56eb309c12c126998faac90ca7287819b5e5b4c9e32f",
    "https://deno.land/x/lodash@4.17.15-es/stubFalse.js": "fd1d278ab0f9329d2b39c180bb97fcbfb609ec117f89443fc2ed898b633493ea",
    "https://deno.land/x/lodash@4.17.15-es/toFinite.js": "ba02408b127cd0d31ad263fd21aac6a6a7a66257354b30afe897e6c1da166e94",
    "https://deno.land/x/lodash@4.17.15-es/toInteger.js": "f727679fc4f778f078e768df837d2a68f8d3430217cf2a3adf536d784d1d921e",
    "https://deno.land/x/lodash@4.17.15-es/toNumber.js": "259181d3d6a6e779f2a8861a8cf4de4bd79920a6afe65de612e2d33c695c89ae",
    "https://deno.land/x/lodash@4.17.15-es/toPlainObject.js": "9345d80139f01e8768e0a134266ea2fc1196c22afc0f4022de66cb9a68b52a70",
    "https://deno.land/x/lodash@4.17.15-es/toString.js": "3f4c8d942944c3fe622e9fba36275b6291e834113619b266909822becfa94976",
    "https://deno.land/x/lodash@4.17.15-es/unzip.js": "8003e42eac6b1d40d48896ed9428414e4891bbe3a231ada9dbeb1e89e577ccd0",
    "https://deno.land/x/lodash@4.17.15-es/upperFirst.js": "1923b5661a65f9efb07814acca2c33d5f31e7e38c9021f7db432f1d03dc2bf05",
    "https://deno.land/x/lodash@4.17.15-es/words.js": "a999d2d5d77affc8fa93047e232fc80183d1b05b3b05c0be58780a3624adf52f",
    "https://deno.land/x/lodash@4.17.15-es/zip.js": "4c27073c4d77c0233fe9000da62de50991bc6806da0aa446818427664d2fc780",
    "https://deno.land/x/lodash@4.17.15-es/zipObject.js": "e069bf473251b19f39587b9bdbfce017d0cd0ec2abe835fedcd1c9ab68a0ac4f",
    "https://deno.land/x/port@1.0.0/mod.ts": "2dc04ce1ccf133ae09205e30b550044c4c6f64a1a7d00ea91c66dbb9f6cc00f5",
    "https://deno.land/x/port@1.0.0/types.ts": "42d6ae4147d5d67408d60209da070ddfa79ec8389c6cab1b8002df0cf6c03af6",
    "https://deno.land/x/semver@v1.0.0/mod.ts": "1b8a49c923b8666fd2ca78268c20a5ec19632335c3239a28de5178d1c6224d6e",
    "https://denopkg.com/nekobato/deno-xml-parser@master/index.ts": "05d093028c005706e37b46bfe2bb7e2488f42fdc74d2196ac818902336927c01",
    "https://raw.githubusercontent.com/dmitriytat/keypress/0.0.2/dep.ts": "f226aeb10b840687f7c74dfe2b44d89897ead447102f152303f657b65b276ab9",
    "https://raw.githubusercontent.com/dmitriytat/keypress/0.0.2/mod.ts": "e2efbf9aaee043014b6de905acc94831cc175f2bfc42fe888f78253844019f8d"
  },
  "workspace": {
    "packageJson": {
      "dependencies": [
        "npm:typescript-deno-plugin@^1.29.0",
        "npm:typescript@^3.9.3"
      ]
    }
  }
}
